
Microsoft Visual Studio Solution File, Format Version 12.00
# Visual Studio 15
VisualStudioVersion = 15.0.27428.2037
MinimumVisualStudioVersion = 10.0.40219.1
Project("{8BC9CEB8-8B4A-11D0-8D11-00A0C91BC942}") = "MazeRunner", "MazeRunner\MazeRunner.vcxproj", "{E17CC4A8-31D5-4F31-AA90-DA89D0264061}"
EndProject
Global
	GlobalSection(SolutionConfigurationPlatforms) = preSolution
		Debug|x64 = Debug|x64
		Debug|x86 = Debug|x86
		Release|x64 = Release|x64
		Release|x86 = Release|x86
	EndGlobalSection
	GlobalSection(ProjectConfigurationPlatforms) = postSolution
		{E17CC4A8-31D5-4F31-AA90-DA89D0264061}.Debug|x64.ActiveCfg = Debug|x64
		{E17CC4A8-31D5-4F31-AA90-DA89D0264061}.Debug|x64.Build.0 = Debug|x64
		{E17CC4A8-31D5-4F31-AA90-DA89D0264061}.Debug|x86.ActiveCfg = Debug|Win32
		{E17CC4A8-31D5-4F31-AA90-DA89D0264061}.Debug|x86.Build.0 = Debug|Win32
		{E17CC4A8-31D5-4F31-AA90-DA89D0264061}.Release|x64.ActiveCfg = Release|x64
		{E17CC4A8-31D5-4F31-AA90-DA89D0264061}.Release|x64.Build.0 = Release|x64
		{E17CC4A8-31D5-4F31-AA90-DA89D0264061}.Release|x86.ActiveCfg = Release|Win32
		{E17CC4A8-31D5-4F31-AA90-DA89D0264061}.Release|x86.Build.0 = Release|Win32
	EndGlobalSection
	GlobalSection(SolutionProperties) = preSolution
		HideSolutionNode = FALSE
	EndGlobalSection
	GlobalSection(ExtensibilityGlobals) = postSolution
		SolutionGuid = {6CC36CF1-FF00-48B4-A6B9-DAE3D4CDAAEB}
	EndGlobalSection
EndGlobal
